
Microsoft Visual Studio Solution File, Format Version 12.00
# Visual Studio 14
VisualStudioVersion = 14.0.23107.0
MinimumVisualStudioVersion = 10.0.40219.1
Project("{FAE04EC0-301F-11D3-BF4B-00C04F79EFBC}") = "Fody", "Fody\Fody.csproj", "{3B6240F6-5AB6-402A-B42C-23A53BD4B5FC}"
EndProject
Project("{2150E333-8FDC-42A3-9474-1A3956D46DE8}") = "AssemblyToProcess", "AssemblyToProcess", "{A0EF7438-B537-4ED4-9C28-875C3FD7BD3D}"
EndProject
Project("{FAE04EC0-301F-11D3-BF4B-00C04F79EFBC}") = "ReferenceAssembly", "ReferenceAssembly\ReferenceAssembly.csproj", "{D45A227B-261D-4131-9D12-FB8CB17920A8}"
EndProject
Project("{FAE04EC0-301F-11D3-BF4B-00C04F79EFBC}") = "AssemblyToProcess.Core", "AssemblyToProcess\Core\AssemblyToProcess.Core.csproj", "{535C021D-0B1F-42C8-8B19-CB586E231EDE}"
EndProject
Project("{FAE04EC0-301F-11D3-BF4B-00C04F79EFBC}") = "AssemblyToProcess.Unsigned", "AssemblyToProcess\Unsigned\AssemblyToProcess.Unsigned.csproj", "{C25F96A4-EEC7-435E-B95D-373EC51ED9DF}"
EndProject
Project("{FAE04EC0-301F-11D3-BF4B-00C04F79EFBC}") = "AssemblyToProcess.SimpleCase", "AssemblyToProcess\SimpleCase\AssemblyToProcess.SimpleCase.csproj", "{287BCF0A-FA5A-43A0-B8BA-90C02B59B2D4}"
EndProject
Project("{FAE04EC0-301F-11D3-BF4B-00C04F79EFBC}") = "AssemblyToProcess.MultipleExports", "AssemblyToProcess\MultipleExports\AssemblyToProcess.MultipleExports.csproj", "{94456241-8E5D-4C99-907E-A56134A60576}"
EndProject
Project("{FAE04EC0-301F-11D3-BF4B-00C04F79EFBC}") = "AssemblyToProcess.Signed", "AssemblyToProcess\Signed\AssemblyToProcess.Signed.csproj", "{A4CF746A-8828-4684-AC03-E6E90713109C}"
EndProject
Global
	GlobalSection(SolutionConfigurationPlatforms) = preSolution
		Debug|Any CPU = Debug|Any CPU
		Deployable|Any CPU = Deployable|Any CPU
		Release|Any CPU = Release|Any CPU
	EndGlobalSection
	GlobalSection(ProjectConfigurationPlatforms) = postSolution
		{3B6240F6-5AB6-402A-B42C-23A53BD4B5FC}.Debug|Any CPU.ActiveCfg = Debug|Any CPU
		{3B6240F6-5AB6-402A-B42C-23A53BD4B5FC}.Debug|Any CPU.Build.0 = Debug|Any CPU
		{3B6240F6-5AB6-402A-B42C-23A53BD4B5FC}.Deployable|Any CPU.ActiveCfg = Deployable|Any CPU
		{3B6240F6-5AB6-402A-B42C-23A53BD4B5FC}.Deployable|Any CPU.Build.0 = Deployable|Any CPU
		{3B6240F6-5AB6-402A-B42C-23A53BD4B5FC}.Release|Any CPU.ActiveCfg = Release|Any CPU
		{3B6240F6-5AB6-402A-B42C-23A53BD4B5FC}.Release|Any CPU.Build.0 = Release|Any CPU
		{D45A227B-261D-4131-9D12-FB8CB17920A8}.Debug|Any CPU.ActiveCfg = Debug|Any CPU
		{D45A227B-261D-4131-9D12-FB8CB17920A8}.Debug|Any CPU.Build.0 = Debug|Any CPU
		{D45A227B-261D-4131-9D12-FB8CB17920A8}.Deployable|Any CPU.ActiveCfg = Deployable|Any CPU
		{D45A227B-261D-4131-9D12-FB8CB17920A8}.Deployable|Any CPU.Build.0 = Deployable|Any CPU
		{D45A227B-261D-4131-9D12-FB8CB17920A8}.Release|Any CPU.ActiveCfg = Release|Any CPU
		{D45A227B-261D-4131-9D12-FB8CB17920A8}.Release|Any CPU.Build.0 = Release|Any CPU
		{535C021D-0B1F-42C8-8B19-CB586E231EDE}.Debug|Any CPU.ActiveCfg = Debug|Any CPU
		{535C021D-0B1F-42C8-8B19-CB586E231EDE}.Debug|Any CPU.Build.0 = Debug|Any CPU
		{535C021D-0B1F-42C8-8B19-CB586E231EDE}.Deployable|Any CPU.ActiveCfg = Release|Any CPU
		{535C021D-0B1F-42C8-8B19-CB586E231EDE}.Deployable|Any CPU.Build.0 = Release|Any CPU
		{535C021D-0B1F-42C8-8B19-CB586E231EDE}.Release|Any CPU.ActiveCfg = Release|Any CPU
		{535C021D-0B1F-42C8-8B19-CB586E231EDE}.Release|Any CPU.Build.0 = Release|Any CPU
		{C25F96A4-EEC7-435E-B95D-373EC51ED9DF}.Debug|Any CPU.ActiveCfg = Debug|Any CPU
		{C25F96A4-EEC7-435E-B95D-373EC51ED9DF}.Debug|Any CPU.Build.0 = Debug|Any CPU
		{C25F96A4-EEC7-435E-B95D-373EC51ED9DF}.Deployable|Any CPU.ActiveCfg = Release|Any CPU
		{C25F96A4-EEC7-435E-B95D-373EC51ED9DF}.Deployable|Any CPU.Build.0 = Release|Any CPU
		{C25F96A4-EEC7-435E-B95D-373EC51ED9DF}.Release|Any CPU.ActiveCfg = Release|Any CPU
		{C25F96A4-EEC7-435E-B95D-373EC51ED9DF}.Release|Any CPU.Build.0 = Release|Any CPU
		{287BCF0A-FA5A-43A0-B8BA-90C02B59B2D4}.Debug|Any CPU.ActiveCfg = Debug|Any CPU
		{287BCF0A-FA5A-43A0-B8BA-90C02B59B2D4}.Debug|Any CPU.Build.0 = Debug|Any CPU
		{287BCF0A-FA5A-43A0-B8BA-90C02B59B2D4}.Deployable|Any CPU.ActiveCfg = Debug|Any CPU
		{287BCF0A-FA5A-43A0-B8BA-90C02B59B2D4}.Deployable|Any CPU.Build.0 = Debug|Any CPU
		{287BCF0A-FA5A-43A0-B8BA-90C02B59B2D4}.Release|Any CPU.ActiveCfg = Release|Any CPU
		{287BCF0A-FA5A-43A0-B8BA-90C02B59B2D4}.Release|Any CPU.Build.0 = Release|Any CPU
		{94456241-8E5D-4C99-907E-A56134A60576}.Debug|Any CPU.ActiveCfg = Debug|Any CPU
		{94456241-8E5D-4C99-907E-A56134A60576}.Debug|Any CPU.Build.0 = Debug|Any CPU
		{94456241-8E5D-4C99-907E-A56134A60576}.Deployable|Any CPU.ActiveCfg = Debug|Any CPU
		{94456241-8E5D-4C99-907E-A56134A60576}.Deployable|Any CPU.Build.0 = Debug|Any CPU
		{94456241-8E5D-4C99-907E-A56134A60576}.Release|Any CPU.ActiveCfg = Release|Any CPU
		{94456241-8E5D-4C99-907E-A56134A60576}.Release|Any CPU.Build.0 = Release|Any CPU
		{A4CF746A-8828-4684-AC03-E6E90713109C}.Debug|Any CPU.ActiveCfg = Debug|Any CPU
		{A4CF746A-8828-4684-AC03-E6E90713109C}.Debug|Any CPU.Build.0 = Debug|Any CPU
		{A4CF746A-8828-4684-AC03-E6E90713109C}.Deployable|Any CPU.ActiveCfg = Debug|Any CPU
		{A4CF746A-8828-4684-AC03-E6E90713109C}.Deployable|Any CPU.Build.0 = Debug|Any CPU
		{A4CF746A-8828-4684-AC03-E6E90713109C}.Release|Any CPU.ActiveCfg = Release|Any CPU
		{A4CF746A-8828-4684-AC03-E6E90713109C}.Release|Any CPU.Build.0 = Release|Any CPU
	EndGlobalSection
	GlobalSection(SolutionProperties) = preSolution
		HideSolutionNode = FALSE
	EndGlobalSection
	GlobalSection(NestedProjects) = preSolution
		{535C021D-0B1F-42C8-8B19-CB586E231EDE} = {A0EF7438-B537-4ED4-9C28-875C3FD7BD3D}
		{C25F96A4-EEC7-435E-B95D-373EC51ED9DF} = {A0EF7438-B537-4ED4-9C28-875C3FD7BD3D}
		{287BCF0A-FA5A-43A0-B8BA-90C02B59B2D4} = {A0EF7438-B537-4ED4-9C28-875C3FD7BD3D}
		{94456241-8E5D-4C99-907E-A56134A60576} = {A0EF7438-B537-4ED4-9C28-875C3FD7BD3D}
		{A4CF746A-8828-4684-AC03-E6E90713109C} = {A0EF7438-B537-4ED4-9C28-875C3FD7BD3D}
	EndGlobalSection
EndGlobal
