
Microsoft Visual Studio Solution File, Format Version 12.00
# Visual Studio 15
VisualStudioVersion = 15.0.27004.2008
MinimumVisualStudioVersion = 10.0.40219.1
Project("{2150E333-8FDC-42A3-9474-1A3956D46DE8}") = "AssemblyToProcess", "AssemblyToProcess", "{A0EF7438-B537-4ED4-9C28-875C3FD7BD3D}"
EndProject
Project("{9A19103F-16F7-4668-BE54-9A1E7A4F7556}") = "AssemblyToProcess.Core", "AssemblyToProcess\Core\AssemblyToProcess.Core.csproj", "{535C021D-0B1F-42C8-8B19-CB586E231EDE}"
	ProjectSection(ProjectDependencies) = postProject
		{DA8F0921-59B4-499A-A97C-EB291636FAC8} = {DA8F0921-59B4-499A-A97C-EB291636FAC8}
	EndProjectSection
EndProject
Project("{9A19103F-16F7-4668-BE54-9A1E7A4F7556}") = "AssemblyToProcess.Unsigned", "AssemblyToProcess\Unsigned\AssemblyToProcess.Unsigned.csproj", "{C25F96A4-EEC7-435E-B95D-373EC51ED9DF}"
EndProject
Project("{9A19103F-16F7-4668-BE54-9A1E7A4F7556}") = "AssemblyToProcess.SimpleCase", "AssemblyToProcess\SimpleCase\AssemblyToProcess.SimpleCase.csproj", "{287BCF0A-FA5A-43A0-B8BA-90C02B59B2D4}"
EndProject
Project("{9A19103F-16F7-4668-BE54-9A1E7A4F7556}") = "AssemblyToProcess.MultipleExports", "AssemblyToProcess\MultipleExports\AssemblyToProcess.MultipleExports.csproj", "{94456241-8E5D-4C99-907E-A56134A60576}"
EndProject
Project("{9A19103F-16F7-4668-BE54-9A1E7A4F7556}") = "AssemblyToProcess.Signed", "AssemblyToProcess\Signed\AssemblyToProcess.Signed.csproj", "{A4CF746A-8828-4684-AC03-E6E90713109C}"
EndProject
Project("{2150E333-8FDC-42A3-9474-1A3956D46DE8}") = "Solution Items", "Solution Items", "{340D86C6-CEDC-42B1-BF98-E1B8405ADBEC}"
	ProjectSection(SolutionItems) = preProject
		.editorconfig = .editorconfig
		.gitignore = .gitignore
		Directory.Build.props = Directory.Build.props
		README.md = README.md
	EndProjectSection
EndProject
Project("{9A19103F-16F7-4668-BE54-9A1E7A4F7556}") = "Vandelay.Fody", "Vandelay.Fody\Vandelay.Fody.csproj", "{ED634C0F-2DED-44D2-8AFF-4022074B3AFC}"
EndProject
Project("{9A19103F-16F7-4668-BE54-9A1E7A4F7556}") = "Vandelay", "Vandelay\Vandelay.csproj", "{DA8F0921-59B4-499A-A97C-EB291636FAC8}"
	ProjectSection(ProjectDependencies) = postProject
		{ED634C0F-2DED-44D2-8AFF-4022074B3AFC} = {ED634C0F-2DED-44D2-8AFF-4022074B3AFC}
	EndProjectSection
EndProject
Project("{9A19103F-16F7-4668-BE54-9A1E7A4F7556}") = "Tests", "Tests\Tests.csproj", "{295546FF-005F-4FD1-A4D7-EA4F61C6533E}"
EndProject
Global
	GlobalSection(SolutionConfigurationPlatforms) = preSolution
		Debug|Any CPU = Debug|Any CPU
		Release|Any CPU = Release|Any CPU
	EndGlobalSection
	GlobalSection(ProjectConfigurationPlatforms) = postSolution
		{535C021D-0B1F-42C8-8B19-CB586E231EDE}.Debug|Any CPU.ActiveCfg = Debug|Any CPU
		{535C021D-0B1F-42C8-8B19-CB586E231EDE}.Debug|Any CPU.Build.0 = Debug|Any CPU
		{535C021D-0B1F-42C8-8B19-CB586E231EDE}.Release|Any CPU.ActiveCfg = Release|Any CPU
		{535C021D-0B1F-42C8-8B19-CB586E231EDE}.Release|Any CPU.Build.0 = Release|Any CPU
		{C25F96A4-EEC7-435E-B95D-373EC51ED9DF}.Debug|Any CPU.ActiveCfg = Debug|Any CPU
		{C25F96A4-EEC7-435E-B95D-373EC51ED9DF}.Debug|Any CPU.Build.0 = Debug|Any CPU
		{C25F96A4-EEC7-435E-B95D-373EC51ED9DF}.Release|Any CPU.ActiveCfg = Release|Any CPU
		{C25F96A4-EEC7-435E-B95D-373EC51ED9DF}.Release|Any CPU.Build.0 = Release|Any CPU
		{287BCF0A-FA5A-43A0-B8BA-90C02B59B2D4}.Debug|Any CPU.ActiveCfg = Debug|Any CPU
		{287BCF0A-FA5A-43A0-B8BA-90C02B59B2D4}.Debug|Any CPU.Build.0 = Debug|Any CPU
		{287BCF0A-FA5A-43A0-B8BA-90C02B59B2D4}.Release|Any CPU.ActiveCfg = Release|Any CPU
		{287BCF0A-FA5A-43A0-B8BA-90C02B59B2D4}.Release|Any CPU.Build.0 = Release|Any CPU
		{94456241-8E5D-4C99-907E-A56134A60576}.Debug|Any CPU.ActiveCfg = Debug|Any CPU
		{94456241-8E5D-4C99-907E-A56134A60576}.Debug|Any CPU.Build.0 = Debug|Any CPU
		{94456241-8E5D-4C99-907E-A56134A60576}.Release|Any CPU.ActiveCfg = Release|Any CPU
		{94456241-8E5D-4C99-907E-A56134A60576}.Release|Any CPU.Build.0 = Release|Any CPU
		{A4CF746A-8828-4684-AC03-E6E90713109C}.Debug|Any CPU.ActiveCfg = Debug|Any CPU
		{A4CF746A-8828-4684-AC03-E6E90713109C}.Debug|Any CPU.Build.0 = Debug|Any CPU
		{A4CF746A-8828-4684-AC03-E6E90713109C}.Release|Any CPU.ActiveCfg = Release|Any CPU
		{A4CF746A-8828-4684-AC03-E6E90713109C}.Release|Any CPU.Build.0 = Release|Any CPU
		{ED634C0F-2DED-44D2-8AFF-4022074B3AFC}.Debug|Any CPU.ActiveCfg = Debug|Any CPU
		{ED634C0F-2DED-44D2-8AFF-4022074B3AFC}.Debug|Any CPU.Build.0 = Debug|Any CPU
		{ED634C0F-2DED-44D2-8AFF-4022074B3AFC}.Release|Any CPU.ActiveCfg = Release|Any CPU
		{ED634C0F-2DED-44D2-8AFF-4022074B3AFC}.Release|Any CPU.Build.0 = Release|Any CPU
		{DA8F0921-59B4-499A-A97C-EB291636FAC8}.Debug|Any CPU.ActiveCfg = Debug|Any CPU
		{DA8F0921-59B4-499A-A97C-EB291636FAC8}.Debug|Any CPU.Build.0 = Debug|Any CPU
		{DA8F0921-59B4-499A-A97C-EB291636FAC8}.Release|Any CPU.ActiveCfg = Release|Any CPU
		{DA8F0921-59B4-499A-A97C-EB291636FAC8}.Release|Any CPU.Build.0 = Release|Any CPU
		{295546FF-005F-4FD1-A4D7-EA4F61C6533E}.Debug|Any CPU.ActiveCfg = Debug|Any CPU
		{295546FF-005F-4FD1-A4D7-EA4F61C6533E}.Debug|Any CPU.Build.0 = Debug|Any CPU
		{295546FF-005F-4FD1-A4D7-EA4F61C6533E}.Release|Any CPU.ActiveCfg = Release|Any CPU
		{295546FF-005F-4FD1-A4D7-EA4F61C6533E}.Release|Any CPU.Build.0 = Release|Any CPU
	EndGlobalSection
	GlobalSection(SolutionProperties) = preSolution
		HideSolutionNode = FALSE
	EndGlobalSection
	GlobalSection(NestedProjects) = preSolution
		{535C021D-0B1F-42C8-8B19-CB586E231EDE} = {A0EF7438-B537-4ED4-9C28-875C3FD7BD3D}
		{C25F96A4-EEC7-435E-B95D-373EC51ED9DF} = {A0EF7438-B537-4ED4-9C28-875C3FD7BD3D}
		{287BCF0A-FA5A-43A0-B8BA-90C02B59B2D4} = {A0EF7438-B537-4ED4-9C28-875C3FD7BD3D}
		{94456241-8E5D-4C99-907E-A56134A60576} = {A0EF7438-B537-4ED4-9C28-875C3FD7BD3D}
		{A4CF746A-8828-4684-AC03-E6E90713109C} = {A0EF7438-B537-4ED4-9C28-875C3FD7BD3D}
	EndGlobalSection
	GlobalSection(ExtensibilityGlobals) = postSolution
		SolutionGuid = {9B2560FB-1215-421F-B3AB-B0C403AB5276}
	EndGlobalSection
EndGlobal
